
Microsoft Visual Studio Solution File, Format Version 12.00
# Visual Studio Version 17
VisualStudioVersion = 17.7.34202.233
MinimumVisualStudioVersion = 10.0.40219.1
Project("{FAE04EC0-301F-11D3-BF4B-00C04F79EFBC}") = "KosTracker", "KosTracker\KosTracker.csproj", "{609FA159-D24D-4FE1-B9F1-D6A9EC9ABE81}"
EndProject
Project("{FAE04EC0-301F-11D3-BF4B-00C04F79EFBC}") = "KosTracker.Core", "KosTracker.Core\KosTracker.Core.csproj", "{50F83267-A3EB-452D-BC0F-2B5A421EE52E}"
EndProject
Project("{FAE04EC0-301F-11D3-BF4B-00C04F79EFBC}") = "KosTracker.Data", "KosTracker.Data\KosTracker.Data.csproj", "{D5E4A7F4-1AC0-4248-B867-5E798AB9E0F2}"
EndProject
Global
	GlobalSection(SolutionConfigurationPlatforms) = preSolution
		Debug|Any CPU = Debug|Any CPU
		Release|Any CPU = Release|Any CPU
	EndGlobalSection
	GlobalSection(ProjectConfigurationPlatforms) = postSolution
		{609FA159-D24D-4FE1-B9F1-D6A9EC9ABE81}.Debug|Any CPU.ActiveCfg = Debug|Any CPU
		{609FA159-D24D-4FE1-B9F1-D6A9EC9ABE81}.Debug|Any CPU.Build.0 = Debug|Any CPU
		{609FA159-D24D-4FE1-B9F1-D6A9EC9ABE81}.Release|Any CPU.ActiveCfg = Release|Any CPU
		{609FA159-D24D-4FE1-B9F1-D6A9EC9ABE81}.Release|Any CPU.Build.0 = Release|Any CPU
		{50F83267-A3EB-452D-BC0F-2B5A421EE52E}.Debug|Any CPU.ActiveCfg = Debug|Any CPU
		{50F83267-A3EB-452D-BC0F-2B5A421EE52E}.Debug|Any CPU.Build.0 = Debug|Any CPU
		{50F83267-A3EB-452D-BC0F-2B5A421EE52E}.Release|Any CPU.ActiveCfg = Release|Any CPU
		{50F83267-A3EB-452D-BC0F-2B5A421EE52E}.Release|Any CPU.Build.0 = Release|Any CPU
		{D5E4A7F4-1AC0-4248-B867-5E798AB9E0F2}.Debug|Any CPU.ActiveCfg = Debug|Any CPU
		{D5E4A7F4-1AC0-4248-B867-5E798AB9E0F2}.Debug|Any CPU.Build.0 = Debug|Any CPU
		{D5E4A7F4-1AC0-4248-B867-5E798AB9E0F2}.Release|Any CPU.ActiveCfg = Release|Any CPU
		{D5E4A7F4-1AC0-4248-B867-5E798AB9E0F2}.Release|Any CPU.Build.0 = Release|Any CPU
	EndGlobalSection
	GlobalSection(SolutionProperties) = preSolution
		HideSolutionNode = FALSE
	EndGlobalSection
	GlobalSection(ExtensibilityGlobals) = postSolution
		SolutionGuid = {97D82051-0BD8-4713-889A-165D5FEE6D76}
	EndGlobalSection
EndGlobal
